
Microsoft Visual Studio Solution File, Format Version 12.00
# Visual Studio Version 16
VisualStudioVersion = 16.0.34031.81
MinimumVisualStudioVersion = 10.0.40219.1
Project("{FAE04EC0-301F-11D3-BF4B-00C04F79EFBC}") = "sportsmen", "sportsmen.csproj", "{C011179A-96CB-4B6D-A740-0AD73CD540E4}"
EndProject
Global
	GlobalSection(SolutionConfigurationPlatforms) = preSolution
		Debug|Any CPU = Debug|Any CPU
		Release|Any CPU = Release|Any CPU
	EndGlobalSection
	GlobalSection(ProjectConfigurationPlatforms) = postSolution
		{C011179A-96CB-4B6D-A740-0AD73CD540E4}.Debug|Any CPU.ActiveCfg = Debug|Any CPU
		{C011179A-96CB-4B6D-A740-0AD73CD540E4}.Debug|Any CPU.Build.0 = Debug|Any CPU
		{C011179A-96CB-4B6D-A740-0AD73CD540E4}.Release|Any CPU.ActiveCfg = Release|Any CPU
		{C011179A-96CB-4B6D-A740-0AD73CD540E4}.Release|Any CPU.Build.0 = Release|Any CPU
	EndGlobalSection
	GlobalSection(SolutionProperties) = preSolution
		HideSolutionNode = FALSE
	EndGlobalSection
	GlobalSection(ExtensibilityGlobals) = postSolution
		SolutionGuid = {1C144357-71BF-441E-916B-0B096EC2BF18}
	EndGlobalSection
EndGlobal
